{
  "name": "algo-trading-lab",
  "version": "1.0.0",
  "lockfileVersion": 3,
  "requires": true,
  "packages": {
    "": {
      "name": "algo-trading-lab",
      "version": "1.0.0",
      "license": "ISC",
      "dependencies": {
        "@opencode-ai/sdk": "^1.2.26"
      }
    },
    "node_modules/@opencode-ai/sdk": {
      "version": "1.2.26",
      "resolved": "https://registry.npmjs.org/@opencode-ai/sdk/-/sdk-1.2.26.tgz",
      "integrity": "sha512-HPB+0pfvTMPj2KEjNLF3oqgldKW8koTJ7ssqXwzndazqxS+gUynzvdIKIQP4+QIInNcc5nJMG9JtfLcePGgTLQ==",
      "license": "MIT"
    }
  }
}
